
Microsoft Visual Studio Solution File, Format Version 12.00
# Visual Studio Version 16
VisualStudioVersion = 16.0.30114.105
MinimumVisualStudioVersion = 10.0.40219.1
Project("{FAE04EC0-301F-11D3-BF4B-00C04F79EFBC}") = "PolymorphicElementsSourceGenerator", "PolymorphicElementsSourceGenerator\PolymorphicElementsSourceGenerator.csproj", "{078D7983-4E23-415E-A0F3-57AE9DE29AAB}"
EndProject
Global
	GlobalSection(SolutionConfigurationPlatforms) = preSolution
		Debug|Any CPU = Debug|Any CPU
		Release|Any CPU = Release|Any CPU
	EndGlobalSection
	GlobalSection(SolutionProperties) = preSolution
		HideSolutionNode = FALSE
	EndGlobalSection
	GlobalSection(ProjectConfigurationPlatforms) = postSolution
		{078D7983-4E23-415E-A0F3-57AE9DE29AAB}.Debug|Any CPU.ActiveCfg = Debug|Any CPU
		{078D7983-4E23-415E-A0F3-57AE9DE29AAB}.Debug|Any CPU.Build.0 = Debug|Any CPU
		{078D7983-4E23-415E-A0F3-57AE9DE29AAB}.Release|Any CPU.ActiveCfg = Release|Any CPU
		{078D7983-4E23-415E-A0F3-57AE9DE29AAB}.Release|Any CPU.Build.0 = Release|Any CPU
	EndGlobalSection
EndGlobal
